dependencies:
- name: keycloak
  repository: https://codecentric.github.io/helm-charts/
  version: 9.3.0
- name: prometheus
  repository: https://prometheus-community.github.io/helm-charts
  version: ^11.7.0
- name: grafana
  repository: https://grafana.github.io/helm-charts
  version: ^5.6.11
- name: kiali-server
  repository: https://kiali.org/helm-charts/
  version: 1.24.0
- name: jaeger
  repository: https://jaegertracing.github.io/helm-charts
  version: 0.35.0
digest: sha256:f22d473645466822e3560cce6bd0907e4e97640c27045e873fb40876a5edb39c
generated: "2020-10-06T14:34:32.357569+08:00"
